{
	"name": "@wasjs/doc",
	"version": "1.0.0",
	"lockfileVersion": 1,
	"requires": true,
	"dependencies": {
		"@vue/devtools-api": {
			"version": "6.0.0-beta.15",
			"resolved": "https://registry.npmjs.org/@vue/devtools-api/-/devtools-api-6.0.0-beta.15.tgz",
			"integrity": "sha512-quBx4Jjpexo6KDiNUGFr/zF/2A4srKM9S9v2uHgMXSU//hjgq1eGzqkIFql8T9gfX5ZaVOUzYBP3jIdIR3PKIA=="
		},
		"vue-router": {
			"version": "4.0.11",
			"resolved": "https://registry.npmjs.org/vue-router/-/vue-router-4.0.11.tgz",
			"integrity": "sha512-sha6I8fx9HWtvTrFZfxZkiQQBpqSeT+UCwauYjkdOQYRvwsGwimlQQE2ayqUwuuXGzquFpCPoXzYKWlzL4OuXg==",
			"requires": {
				"@vue/devtools-api": "^6.0.0-beta.14"
			}
		}
	}
}
